
Microsoft Visual Studio Solution File, Format Version 12.00
# Visual Studio Version 17
VisualStudioVersion = 17.5.33516.290
MinimumVisualStudioVersion = 10.0.40219.1
Project("{9A19103F-16F7-4668-BE54-9A1E7A4F7556}") = "RaceOfSorting", "RaceOfSorting\RaceOfSorting.csproj", "{5F1CE591-F7EE-4B47-B82C-D4864F55D7E5}"
	ProjectSection(ProjectDependencies) = postProject
		{1D99BF37-4F03-44A0-9E8F-4A8A560F27D9} = {1D99BF37-4F03-44A0-9E8F-4A8A560F27D9}
	EndProjectSection
EndProject
Project("{9A19103F-16F7-4668-BE54-9A1E7A4F7556}") = "ListOfSortingAlgs", "ListOfSortingAlgs\ListOfSortingAlgs.csproj", "{D933D6A9-2EAE-41E0-A8FE-BDC27CFA3A62}"
EndProject
Project("{FAE04EC0-301F-11D3-BF4B-00C04F79EFBC}") = "ListOfMatrixMulAlgs", "ListOfMatrixMulAlgs\ListOfMatrixMulAlgs.csproj", "{1D99BF37-4F03-44A0-9E8F-4A8A560F27D9}"
EndProject
Global
	GlobalSection(SolutionConfigurationPlatforms) = preSolution
		Debug|Any CPU = Debug|Any CPU
		Release|Any CPU = Release|Any CPU
	EndGlobalSection
	GlobalSection(ProjectConfigurationPlatforms) = postSolution
		{5F1CE591-F7EE-4B47-B82C-D4864F55D7E5}.Debug|Any CPU.ActiveCfg = Debug|Any CPU
		{5F1CE591-F7EE-4B47-B82C-D4864F55D7E5}.Debug|Any CPU.Build.0 = Debug|Any CPU
		{5F1CE591-F7EE-4B47-B82C-D4864F55D7E5}.Release|Any CPU.ActiveCfg = Release|Any CPU
		{5F1CE591-F7EE-4B47-B82C-D4864F55D7E5}.Release|Any CPU.Build.0 = Release|Any CPU
		{D933D6A9-2EAE-41E0-A8FE-BDC27CFA3A62}.Debug|Any CPU.ActiveCfg = Debug|Any CPU
		{D933D6A9-2EAE-41E0-A8FE-BDC27CFA3A62}.Debug|Any CPU.Build.0 = Debug|Any CPU
		{D933D6A9-2EAE-41E0-A8FE-BDC27CFA3A62}.Release|Any CPU.ActiveCfg = Release|Any CPU
		{D933D6A9-2EAE-41E0-A8FE-BDC27CFA3A62}.Release|Any CPU.Build.0 = Release|Any CPU
		{1D99BF37-4F03-44A0-9E8F-4A8A560F27D9}.Debug|Any CPU.ActiveCfg = Debug|Any CPU
		{1D99BF37-4F03-44A0-9E8F-4A8A560F27D9}.Debug|Any CPU.Build.0 = Debug|Any CPU
		{1D99BF37-4F03-44A0-9E8F-4A8A560F27D9}.Release|Any CPU.ActiveCfg = Release|Any CPU
		{1D99BF37-4F03-44A0-9E8F-4A8A560F27D9}.Release|Any CPU.Build.0 = Release|Any CPU
	EndGlobalSection
	GlobalSection(SolutionProperties) = preSolution
		HideSolutionNode = FALSE
	EndGlobalSection
	GlobalSection(ExtensibilityGlobals) = postSolution
		SolutionGuid = {056354AA-8E01-44C7-8BCC-404428B9DB9D}
	EndGlobalSection
EndGlobal
